
Microsoft Visual Studio Solution File, Format Version 12.00
# Visual Studio Version 16
VisualStudioVersion = 16.0.30204.135
MinimumVisualStudioVersion = 10.0.40219.1
Project("{FAE04EC0-301F-11D3-BF4B-00C04F79EFBC}") = "01_Challenge", "Program\01_Challenge.csproj", "{5FEF4C93-48C7-4BEC-B126-607B9588A243}"
EndProject
Project("{FAE04EC0-301F-11D3-BF4B-00C04F79EFBC}") = "01_ChallengeTest", "01_UnitTest\01_ChallengeTest.csproj", "{31137D9F-6345-4341-8738-97B7B75EC0B1}"
EndProject
Project("{FAE04EC0-301F-11D3-BF4B-00C04F79EFBC}") = "02_Challenge", "02_Challenge\02_Challenge.csproj", "{89406286-1C5C-4E46-A4C9-F409742501DE}"
EndProject
Project("{FAE04EC0-301F-11D3-BF4B-00C04F79EFBC}") = "02_ChallengeTests", "02_ChallengeTests\02_ChallengeTests.csproj", "{FF6D5DD1-BCFA-4E96-AC3C-E71B72FBF65F}"
EndProject
Project("{FAE04EC0-301F-11D3-BF4B-00C04F79EFBC}") = "03_Challenge", "03_Challenge\03_Challenge.csproj", "{C8F7A2BA-8E7F-4622-BB5F-1C689EBF07A6}"
EndProject
Project("{FAE04EC0-301F-11D3-BF4B-00C04F79EFBC}") = "03_Challenge_Test", "03_Challenge_Test\03_Challenge_Test.csproj", "{00F3251B-BC75-4D7B-A74B-87EB6A51BDFD}"
EndProject
Project("{FAE04EC0-301F-11D3-BF4B-00C04F79EFBC}") = "04_Challenge", "04_Challenge\04_Challenge.csproj", "{FDD78C89-4FC6-4DD0-BF44-AF7AFDF53E3F}"
EndProject
Project("{FAE04EC0-301F-11D3-BF4B-00C04F79EFBC}") = "04_Challenge_UnitTest", "04_Challenge_UnitTest\04_Challenge_UnitTest.csproj", "{B4D37A85-7295-42C7-AB7E-50891725DF56}"
EndProject
Global
	GlobalSection(SolutionConfigurationPlatforms) = preSolution
		Debug|Any CPU = Debug|Any CPU
		Release|Any CPU = Release|Any CPU
	EndGlobalSection
	GlobalSection(ProjectConfigurationPlatforms) = postSolution
		{5FEF4C93-48C7-4BEC-B126-607B9588A243}.Debug|Any CPU.ActiveCfg = Debug|Any CPU
		{5FEF4C93-48C7-4BEC-B126-607B9588A243}.Debug|Any CPU.Build.0 = Debug|Any CPU
		{5FEF4C93-48C7-4BEC-B126-607B9588A243}.Release|Any CPU.ActiveCfg = Release|Any CPU
		{5FEF4C93-48C7-4BEC-B126-607B9588A243}.Release|Any CPU.Build.0 = Release|Any CPU
		{31137D9F-6345-4341-8738-97B7B75EC0B1}.Debug|Any CPU.ActiveCfg = Debug|Any CPU
		{31137D9F-6345-4341-8738-97B7B75EC0B1}.Debug|Any CPU.Build.0 = Debug|Any CPU
		{31137D9F-6345-4341-8738-97B7B75EC0B1}.Release|Any CPU.ActiveCfg = Release|Any CPU
		{31137D9F-6345-4341-8738-97B7B75EC0B1}.Release|Any CPU.Build.0 = Release|Any CPU
		{89406286-1C5C-4E46-A4C9-F409742501DE}.Debug|Any CPU.ActiveCfg = Debug|Any CPU
		{89406286-1C5C-4E46-A4C9-F409742501DE}.Debug|Any CPU.Build.0 = Debug|Any CPU
		{89406286-1C5C-4E46-A4C9-F409742501DE}.Release|Any CPU.ActiveCfg = Release|Any CPU
		{89406286-1C5C-4E46-A4C9-F409742501DE}.Release|Any CPU.Build.0 = Release|Any CPU
		{FF6D5DD1-BCFA-4E96-AC3C-E71B72FBF65F}.Debug|Any CPU.ActiveCfg = Debug|Any CPU
		{FF6D5DD1-BCFA-4E96-AC3C-E71B72FBF65F}.Debug|Any CPU.Build.0 = Debug|Any CPU
		{FF6D5DD1-BCFA-4E96-AC3C-E71B72FBF65F}.Release|Any CPU.ActiveCfg = Release|Any CPU
		{FF6D5DD1-BCFA-4E96-AC3C-E71B72FBF65F}.Release|Any CPU.Build.0 = Release|Any CPU
		{C8F7A2BA-8E7F-4622-BB5F-1C689EBF07A6}.Debug|Any CPU.ActiveCfg = Debug|Any CPU
		{C8F7A2BA-8E7F-4622-BB5F-1C689EBF07A6}.Debug|Any CPU.Build.0 = Debug|Any CPU
		{C8F7A2BA-8E7F-4622-BB5F-1C689EBF07A6}.Release|Any CPU.ActiveCfg = Release|Any CPU
		{C8F7A2BA-8E7F-4622-BB5F-1C689EBF07A6}.Release|Any CPU.Build.0 = Release|Any CPU
		{00F3251B-BC75-4D7B-A74B-87EB6A51BDFD}.Debug|Any CPU.ActiveCfg = Debug|Any CPU
		{00F3251B-BC75-4D7B-A74B-87EB6A51BDFD}.Debug|Any CPU.Build.0 = Debug|Any CPU
		{00F3251B-BC75-4D7B-A74B-87EB6A51BDFD}.Release|Any CPU.ActiveCfg = Release|Any CPU
		{00F3251B-BC75-4D7B-A74B-87EB6A51BDFD}.Release|Any CPU.Build.0 = Release|Any CPU
		{FDD78C89-4FC6-4DD0-BF44-AF7AFDF53E3F}.Debug|Any CPU.ActiveCfg = Debug|Any CPU
		{FDD78C89-4FC6-4DD0-BF44-AF7AFDF53E3F}.Debug|Any CPU.Build.0 = Debug|Any CPU
		{FDD78C89-4FC6-4DD0-BF44-AF7AFDF53E3F}.Release|Any CPU.ActiveCfg = Release|Any CPU
		{FDD78C89-4FC6-4DD0-BF44-AF7AFDF53E3F}.Release|Any CPU.Build.0 = Release|Any CPU
		{B4D37A85-7295-42C7-AB7E-50891725DF56}.Debug|Any CPU.ActiveCfg = Debug|Any CPU
		{B4D37A85-7295-42C7-AB7E-50891725DF56}.Debug|Any CPU.Build.0 = Debug|Any CPU
		{B4D37A85-7295-42C7-AB7E-50891725DF56}.Release|Any CPU.ActiveCfg = Release|Any CPU
		{B4D37A85-7295-42C7-AB7E-50891725DF56}.Release|Any CPU.Build.0 = Release|Any CPU
	EndGlobalSection
	GlobalSection(SolutionProperties) = preSolution
		HideSolutionNode = FALSE
	EndGlobalSection
	GlobalSection(ExtensibilityGlobals) = postSolution
		SolutionGuid = {AD66CBFA-9F3C-4196-B8E6-BF68260F836E}
	EndGlobalSection
EndGlobal
